
Microsoft Visual Studio Solution File, Format Version 12.00
# Visual Studio Version 17
VisualStudioVersion = 17.0.31912.275
MinimumVisualStudioVersion = 10.0.40219.1
Project("{9A19103F-16F7-4668-BE54-9A1E7A4F7556}") = "Templates-net6-0.WebApp.Base", "Templates-net6-0.WebApp.Base\Templates-net6-0.WebApp.Base.csproj", "{D4CD453A-99FF-4281-B9A7-A52A72384A90}"
EndProject
Project("{9A19103F-16F7-4668-BE54-9A1E7A4F7556}") = "Templates-net6-0.WebApp.SqlDb", "Templates-net6-0.WebApp.SqlDb\Templates-net6-0.WebApp.SqlDb.csproj", "{A84C9D50-5DF2-402A-8948-0DA7E0C3F0A8}"
EndProject
Project("{9A19103F-16F7-4668-BE54-9A1E7A4F7556}") = "Templates-net6-0.API.MongoDB", "Templates-net6-0.API.MongoDB\Templates-net6-0.API.MongoDB.csproj", "{157B0628-7E8C-4D92-AE45-026C8F676853}"
EndProject
Project("{FAE04EC0-301F-11D3-BF4B-00C04F79EFBC}") = "Templates-net6-0.Console.MongoDB", "Templates-net6-0.Console.MongoDB\Templates-net6-0.Console.MongoDB.csproj", "{45C9ADA2-B729-4885-9C62-4F9E98D34176}"
EndProject
Global
	GlobalSection(SolutionConfigurationPlatforms) = preSolution
		Debug|Any CPU = Debug|Any CPU
		Release|Any CPU = Release|Any CPU
	EndGlobalSection
	GlobalSection(ProjectConfigurationPlatforms) = postSolution
		{D4CD453A-99FF-4281-B9A7-A52A72384A90}.Debug|Any CPU.ActiveCfg = Debug|Any CPU
		{D4CD453A-99FF-4281-B9A7-A52A72384A90}.Debug|Any CPU.Build.0 = Debug|Any CPU
		{D4CD453A-99FF-4281-B9A7-A52A72384A90}.Release|Any CPU.ActiveCfg = Release|Any CPU
		{D4CD453A-99FF-4281-B9A7-A52A72384A90}.Release|Any CPU.Build.0 = Release|Any CPU
		{A84C9D50-5DF2-402A-8948-0DA7E0C3F0A8}.Debug|Any CPU.ActiveCfg = Debug|Any CPU
		{A84C9D50-5DF2-402A-8948-0DA7E0C3F0A8}.Debug|Any CPU.Build.0 = Debug|Any CPU
		{A84C9D50-5DF2-402A-8948-0DA7E0C3F0A8}.Release|Any CPU.ActiveCfg = Release|Any CPU
		{A84C9D50-5DF2-402A-8948-0DA7E0C3F0A8}.Release|Any CPU.Build.0 = Release|Any CPU
		{157B0628-7E8C-4D92-AE45-026C8F676853}.Debug|Any CPU.ActiveCfg = Debug|Any CPU
		{157B0628-7E8C-4D92-AE45-026C8F676853}.Debug|Any CPU.Build.0 = Debug|Any CPU
		{157B0628-7E8C-4D92-AE45-026C8F676853}.Release|Any CPU.ActiveCfg = Release|Any CPU
		{157B0628-7E8C-4D92-AE45-026C8F676853}.Release|Any CPU.Build.0 = Release|Any CPU
		{45C9ADA2-B729-4885-9C62-4F9E98D34176}.Debug|Any CPU.ActiveCfg = Debug|Any CPU
		{45C9ADA2-B729-4885-9C62-4F9E98D34176}.Debug|Any CPU.Build.0 = Debug|Any CPU
		{45C9ADA2-B729-4885-9C62-4F9E98D34176}.Release|Any CPU.ActiveCfg = Release|Any CPU
		{45C9ADA2-B729-4885-9C62-4F9E98D34176}.Release|Any CPU.Build.0 = Release|Any CPU
	EndGlobalSection
	GlobalSection(SolutionProperties) = preSolution
		HideSolutionNode = FALSE
	EndGlobalSection
	GlobalSection(ExtensibilityGlobals) = postSolution
		SolutionGuid = {CDAF619F-A20F-43CA-9F00-4E9B37B44362}
	EndGlobalSection
EndGlobal
